// !$*UTF8*$!
{
	archiveVersion = 1;
	classes = {
	};
	objectVersion = 56;
	objects = {

/* Begin PBXBuildFile section */
		0361794C346CC4D7489EEC04 /* Pods_MovieAppTests.framework in Frameworks */ = {isa = PBXBuildFile; fileRef = F70274F4D93495DD55F8A02C /* Pods_MovieAppTests.framework */; };
		36A1D04B2B4667410071620E /* AppDelegate.swift in Sources */ = {isa = PBXBuildFile; fileRef = 36A1D04A2B4667410071620E /* AppDelegate.swift */; };
		36A1D04D2B4667410071620E /* SceneDelegate.swift in Sources */ = {isa = PBXBuildFile; fileRef = 36A1D04C2B4667410071620E /* SceneDelegate.swift */; };
		36A1D04F2B4667410071620E /* ViewController.swift in Sources */ = {isa = PBXBuildFile; fileRef = 36A1D04E2B4667410071620E /* ViewController.swift */; };
		36A1D0522B4667410071620E /* Main.storyboard in Resources */ = {isa = PBXBuildFile; fileRef = 36A1D0502B4667410071620E /* Main.storyboard */; };
		36A1D0542B4667420071620E /* Assets.xcassets in Resources */ = {isa = PBXBuildFile; fileRef = 36A1D0532B4667420071620E /* Assets.xcassets */; };
		36A1D0572B4667420071620E /* LaunchScreen.storyboard in Resources */ = {isa = PBXBuildFile; fileRef = 36A1D0552B4667420071620E /* LaunchScreen.storyboard */; };
		36A1D0622B4667420071620E /* MovieAppTests.swift in Sources */ = {isa = PBXBuildFile; fileRef = 36A1D0612B4667420071620E /* MovieAppTests.swift */; };
		36A1D06C2B4667420071620E /* MovieAppUITests.swift in Sources */ = {isa = PBXBuildFile; fileRef = 36A1D06B2B4667420071620E /* MovieAppUITests.swift */; };
		36A1D06E2B4667420071620E /* MovieAppUITestsLaunchTests.swift in Sources */ = {isa = PBXBuildFile; fileRef = 36A1D06D2B4667420071620E /* MovieAppUITestsLaunchTests.swift */; };
		36A1D0882B4674B10071620E /* Then.swift in Sources */ = {isa = PBXBuildFile; fileRef = 36A1D0872B4674B10071620E /* Then.swift */; };
		36A1D08A2B4674DC0071620E /* AppConstants.swift in Sources */ = {isa = PBXBuildFile; fileRef = 36A1D0892B4674DC0071620E /* AppConstants.swift */; };
		36A1D08C2B46753D0071620E /* ExtensionUIView.swift in Sources */ = {isa = PBXBuildFile; fileRef = 36A1D08B2B46753D0071620E /* ExtensionUIView.swift */; };
		36A1D08E2B4675A40071620E /* ExtensionUIImageView+ImageLoader.swift in Sources */ = {isa = PBXBuildFile; fileRef = 36A1D08D2B4675A40071620E /* ExtensionUIImageView+ImageLoader.swift */; };
		36A1D0902B46782A0071620E /* Endpoint.swift in Sources */ = {isa = PBXBuildFile; fileRef = 36A1D08F2B46782A0071620E /* Endpoint.swift */; };
		36A1D0922B4678410071620E /* APIError.swift in Sources */ = {isa = PBXBuildFile; fileRef = 36A1D0912B4678410071620E /* APIError.swift */; };
		36A1D0942B4678BB0071620E /* NetworkConfig.swift in Sources */ = {isa = PBXBuildFile; fileRef = 36A1D0932B4678BB0071620E /* NetworkConfig.swift */; };
		36A1D0962B4678D80071620E /* NetworkService.swift in Sources */ = {isa = PBXBuildFile; fileRef = 36A1D0952B4678D80071620E /* NetworkService.swift */; };
		36A1D0982B4678FD0071620E /* DataTransferService.swift in Sources */ = {isa = PBXBuildFile; fileRef = 36A1D0972B4678FD0071620E /* DataTransferService.swift */; };
		36A1D09A2B467B210071620E /* ExtensionData.swift in Sources */ = {isa = PBXBuildFile; fileRef = 36A1D0992B467B210071620E /* ExtensionData.swift */; };
		36A1D09C2B467B4B0071620E /* ResponseResult.swift in Sources */ = {isa = PBXBuildFile; fileRef = 36A1D09B2B467B4B0071620E /* ResponseResult.swift */; };
		36A1D09E2B467FAC0071620E /* Requestable.swift in Sources */ = {isa = PBXBuildFile; fileRef = 36A1D09D2B467FAC0071620E /* Requestable.swift */; };
		36A1D0A02B4680CE0071620E /* DI.swift in Sources */ = {isa = PBXBuildFile; fileRef = 36A1D09F2B4680CE0071620E /* DI.swift */; };
		36A1D0A22B4680EE0071620E /* NetworkInjectionKey.swift in Sources */ = {isa = PBXBuildFile; fileRef = 36A1D0A12B4680EE0071620E /* NetworkInjectionKey.swift */; };
		36A1D0A62B4684C90071620E /* MovieModel.swift in Sources */ = {isa = PBXBuildFile; fileRef = 36A1D0A52B4684C90071620E /* MovieModel.swift */; };
		36A1D0A92B4689420071620E /* MovieViewController.swift in Sources */ = {isa = PBXBuildFile; fileRef = 36A1D0A82B4689420071620E /* MovieViewController.swift */; };
		36A1D0AB2B46894C0071620E /* MovieViewModel.swift in Sources */ = {isa = PBXBuildFile; fileRef = 36A1D0AA2B46894C0071620E /* MovieViewModel.swift */; };
		36A1D0AE2B468AD10071620E /* BaseViewController.swift in Sources */ = {isa = PBXBuildFile; fileRef = 36A1D0AD2B468AD10071620E /* BaseViewController.swift */; };
		36A1D0B02B468AE50071620E /* BaseViewModel.swift in Sources */ = {isa = PBXBuildFile; fileRef = 36A1D0AF2B468AE50071620E /* BaseViewModel.swift */; };
		36A1D0B32B4696930071620E /* ReusableViewCell.swift in Sources */ = {isa = PBXBuildFile; fileRef = 36A1D0B22B4696930071620E /* ReusableViewCell.swift */; };
		36A1D0B52B4696B40071620E /* MovieItemCollectionViewCell.swift in Sources */ = {isa = PBXBuildFile; fileRef = 36A1D0B42B4696B40071620E /* MovieItemCollectionViewCell.swift */; };
		36A1D0B72B469B540071620E /* ExtensionObservableType.swift in Sources */ = {isa = PBXBuildFile; fileRef = 36A1D0B62B469B540071620E /* ExtensionObservableType.swift */; };
		36A1D0B92B469C3F0071620E /* ScreenState.swift in Sources */ = {isa = PBXBuildFile; fileRef = 36A1D0B82B469C3F0071620E /* ScreenState.swift */; };
		36A1D0BB2B469C690071620E /* ExtensionString.swift in Sources */ = {isa = PBXBuildFile; fileRef = 36A1D0BA2B469C690071620E /* ExtensionString.swift */; };
		36A1D0BE2B46A1C80071620E /* MovieRepository.swift in Sources */ = {isa = PBXBuildFile; fileRef = 36A1D0BD2B46A1C80071620E /* MovieRepository.swift */; };
		36A1D0C02B46A22D0071620E /* MovieEndpoint.swift in Sources */ = {isa = PBXBuildFile; fileRef = 36A1D0BF2B46A22D0071620E /* MovieEndpoint.swift */; };
		36A1D0C22B46A91D0071620E /* MovieUseCase.swift in Sources */ = {isa = PBXBuildFile; fileRef = 36A1D0C12B46A91D0071620E /* MovieUseCase.swift */; };
		36A1D0C42B46A9590071620E /* RepositoryInjectionKey.swift in Sources */ = {isa = PBXBuildFile; fileRef = 36A1D0C32B46A9590071620E /* RepositoryInjectionKey.swift */; };
		36A1D0C62B46A9880071620E /* UseCaseInjectionKey.swift in Sources */ = {isa = PBXBuildFile; fileRef = 36A1D0C52B46A9880071620E /* UseCaseInjectionKey.swift */; };
		621EBDC85785DDFEFFE8A847 /* Pods_MovieApp.framework in Frameworks */ = {isa = PBXBuildFile; fileRef = 9FA8DC0354C698E64D05521A /* Pods_MovieApp.framework */; };
		BDB0BDC4CF21DB2E8A6A0813 /* Pods_MovieApp_MovieAppUITests.framework in Frameworks */ = {isa = PBXBuildFile; fileRef = 3403B7BF9F111EE8A6D3A66B /* Pods_MovieApp_MovieAppUITests.framework */; };
/* End PBXBuildFile section */

/* Begin PBXContainerItemProxy section */
		36A1D05E2B4667420071620E /* PBXContainerItemProxy */ = {
			isa = PBXContainerItemProxy;
			containerPortal = 36A1D03F2B4667410071620E /* Project object */;
			proxyType = 1;
			remoteGlobalIDString = 36A1D0462B4667410071620E;
			remoteInfo = MovieApp;
		};
		36A1D0682B4667420071620E /* PBXContainerItemProxy */ = {
			isa = PBXContainerItemProxy;
			containerPortal = 36A1D03F2B4667410071620E /* Project object */;
			proxyType = 1;
			remoteGlobalIDString = 36A1D0462B4667410071620E;
			remoteInfo = MovieApp;
		};
/* End PBXContainerItemProxy section */

/* Begin PBXFileReference section */
		0BE19285A4BD50139C4F0796 /* Pods-MovieApp-MovieAppUITests.release.xcconfig */ = {isa = PBXFileReference; includeInIndex = 1; lastKnownFileType = text.xcconfig; name = "Pods-MovieApp-MovieAppUITests.release.xcconfig"; path = "Target Support Files/Pods-MovieApp-MovieAppUITests/Pods-MovieApp-MovieAppUITests.release.xcconfig"; sourceTree = "<group>"; };
		3403B7BF9F111EE8A6D3A66B /* Pods_MovieApp_MovieAppUITests.framework */ = {isa = PBXFileReference; explicitFileType = wrapper.framework; includeInIndex = 0; path = Pods_MovieApp_MovieAppUITests.framework; sourceTree = BUILT_PRODUCTS_DIR; };
		36A1D0472B4667410071620E /* MovieApp.app */ = {isa = PBXFileReference; explicitFileType = wrapper.application; includeInIndex = 0; path = MovieApp.app; sourceTree = BUILT_PRODUCTS_DIR; };
		36A1D04A2B4667410071620E /* AppDelegate.swift */ = {isa = PBXFileReference; lastKnownFileType = sourcecode.swift; path = AppDelegate.swift; sourceTree = "<group>"; };
		36A1D04C2B4667410071620E /* SceneDelegate.swift */ = {isa = PBXFileReference; lastKnownFileType = sourcecode.swift; path = SceneDelegate.swift; sourceTree = "<group>"; };
		36A1D04E2B4667410071620E /* ViewController.swift */ = {isa = PBXFileReference; lastKnownFileType = sourcecode.swift; path = ViewController.swift; sourceTree = "<group>"; };
		36A1D0512B4667410071620E /* Base */ = {isa = PBXFileReference; lastKnownFileType = file.storyboard; name = Base; path = Base.lproj/Main.storyboard; sourceTree = "<group>"; };
		36A1D0532B4667420071620E /* Assets.xcassets */ = {isa = PBXFileReference; lastKnownFileType = folder.assetcatalog; path = Assets.xcassets; sourceTree = "<group>"; };
		36A1D0562B4667420071620E /* Base */ = {isa = PBXFileReference; lastKnownFileType = file.storyboard; name = Base; path = Base.lproj/LaunchScreen.storyboard; sourceTree = "<group>"; };
		36A1D0582B4667420071620E /* Info.plist */ = {isa = PBXFileReference; lastKnownFileType = text.plist.xml; path = Info.plist; sourceTree = "<group>"; };
		36A1D05D2B4667420071620E /* MovieAppTests.xctest */ = {isa = PBXFileReference; explicitFileType = wrapper.cfbundle; includeInIndex = 0; path = MovieAppTests.xctest; sourceTree = BUILT_PRODUCTS_DIR; };
		36A1D0612B4667420071620E /* MovieAppTests.swift */ = {isa = PBXFileReference; lastKnownFileType = sourcecode.swift; path = MovieAppTests.swift; sourceTree = "<group>"; };
		36A1D0672B4667420071620E /* MovieAppUITests.xctest */ = {isa = PBXFileReference; explicitFileType = wrapper.cfbundle; includeInIndex = 0; path = MovieAppUITests.xctest; sourceTree = BUILT_PRODUCTS_DIR; };
		36A1D06B2B4667420071620E /* MovieAppUITests.swift */ = {isa = PBXFileReference; lastKnownFileType = sourcecode.swift; path = MovieAppUITests.swift; sourceTree = "<group>"; };
		36A1D06D2B4667420071620E /* MovieAppUITestsLaunchTests.swift */ = {isa = PBXFileReference; lastKnownFileType = sourcecode.swift; path = MovieAppUITestsLaunchTests.swift; sourceTree = "<group>"; };
		36A1D0872B4674B10071620E /* Then.swift */ = {isa = PBXFileReference; lastKnownFileType = sourcecode.swift; path = Then.swift; sourceTree = "<group>"; };
		36A1D0892B4674DC0071620E /* AppConstants.swift */ = {isa = PBXFileReference; lastKnownFileType = sourcecode.swift; path = AppConstants.swift; sourceTree = "<group>"; };
		36A1D08B2B46753D0071620E /* ExtensionUIView.swift */ = {isa = PBXFileReference; lastKnownFileType = sourcecode.swift; path = ExtensionUIView.swift; sourceTree = "<group>"; };
		36A1D08D2B4675A40071620E /* ExtensionUIImageView+ImageLoader.swift */ = {isa = PBXFileReference; lastKnownFileType = sourcecode.swift; path = "ExtensionUIImageView+ImageLoader.swift"; sourceTree = "<group>"; };
		36A1D08F2B46782A0071620E /* Endpoint.swift */ = {isa = PBXFileReference; lastKnownFileType = sourcecode.swift; path = Endpoint.swift; sourceTree = "<group>"; };
		36A1D0912B4678410071620E /* APIError.swift */ = {isa = PBXFileReference; lastKnownFileType = sourcecode.swift; path = APIError.swift; sourceTree = "<group>"; };
		36A1D0932B4678BB0071620E /* NetworkConfig.swift */ = {isa = PBXFileReference; lastKnownFileType = sourcecode.swift; path = NetworkConfig.swift; sourceTree = "<group>"; };
		36A1D0952B4678D80071620E /* NetworkService.swift */ = {isa = PBXFileReference; lastKnownFileType = sourcecode.swift; path = NetworkService.swift; sourceTree = "<group>"; };
		36A1D0972B4678FD0071620E /* DataTransferService.swift */ = {isa = PBXFileReference; lastKnownFileType = sourcecode.swift; path = DataTransferService.swift; sourceTree = "<group>"; };
		36A1D0992B467B210071620E /* ExtensionData.swift */ = {isa = PBXFileReference; lastKnownFileType = sourcecode.swift; path = ExtensionData.swift; sourceTree = "<group>"; };
		36A1D09B2B467B4B0071620E /* ResponseResult.swift */ = {isa = PBXFileReference; lastKnownFileType = sourcecode.swift; path = ResponseResult.swift; sourceTree = "<group>"; };
		36A1D09D2B467FAC0071620E /* Requestable.swift */ = {isa = PBXFileReference; lastKnownFileType = sourcecode.swift; path = Requestable.swift; sourceTree = "<group>"; };
		36A1D09F2B4680CE0071620E /* DI.swift */ = {isa = PBXFileReference; lastKnownFileType = sourcecode.swift; path = DI.swift; sourceTree = "<group>"; };
		36A1D0A12B4680EE0071620E /* NetworkInjectionKey.swift */ = {isa = PBXFileReference; lastKnownFileType = sourcecode.swift; path = NetworkInjectionKey.swift; sourceTree = "<group>"; };
		36A1D0A52B4684C90071620E /* MovieModel.swift */ = {isa = PBXFileReference; lastKnownFileType = sourcecode.swift; path = MovieModel.swift; sourceTree = "<group>"; };
		36A1D0A82B4689420071620E /* MovieViewController.swift */ = {isa = PBXFileReference; lastKnownFileType = sourcecode.swift; path = MovieViewController.swift; sourceTree = "<group>"; };
		36A1D0AA2B46894C0071620E /* MovieViewModel.swift */ = {isa = PBXFileReference; lastKnownFileType = sourcecode.swift; path = MovieViewModel.swift; sourceTree = "<group>"; };
		36A1D0AD2B468AD10071620E /* BaseViewController.swift */ = {isa = PBXFileReference; lastKnownFileType = sourcecode.swift; path = BaseViewController.swift; sourceTree = "<group>"; };
		36A1D0AF2B468AE50071620E /* BaseViewModel.swift */ = {isa = PBXFileReference; lastKnownFileType = sourcecode.swift; path = BaseViewModel.swift; sourceTree = "<group>"; };
		36A1D0B22B4696930071620E /* ReusableViewCell.swift */ = {isa = PBXFileReference; lastKnownFileType = sourcecode.swift; path = ReusableViewCell.swift; sourceTree = "<group>"; };
		36A1D0B42B4696B40071620E /* MovieItemCollectionViewCell.swift */ = {isa = PBXFileReference; lastKnownFileType = sourcecode.swift; path = MovieItemCollectionViewCell.swift; sourceTree = "<group>"; };
		36A1D0B62B469B540071620E /* ExtensionObservableType.swift */ = {isa = PBXFileReference; lastKnownFileType = sourcecode.swift; path = ExtensionObservableType.swift; sourceTree = "<group>"; };
		36A1D0B82B469C3F0071620E /* ScreenState.swift */ = {isa = PBXFileReference; lastKnownFileType = sourcecode.swift; path = ScreenState.swift; sourceTree = "<group>"; };
		36A1D0BA2B469C690071620E /* ExtensionString.swift */ = {isa = PBXFileReference; lastKnownFileType = sourcecode.swift; path = ExtensionString.swift; sourceTree = "<group>"; };
		36A1D0BD2B46A1C80071620E /* MovieRepository.swift */ = {isa = PBXFileReference; lastKnownFileType = sourcecode.swift; path = MovieRepository.swift; sourceTree = "<group>"; };
		36A1D0BF2B46A22D0071620E /* MovieEndpoint.swift */ = {isa = PBXFileReference; lastKnownFileType = sourcecode.swift; path = MovieEndpoint.swift; sourceTree = "<group>"; };
		36A1D0C12B46A91D0071620E /* MovieUseCase.swift */ = {isa = PBXFileReference; lastKnownFileType = sourcecode.swift; path = MovieUseCase.swift; sourceTree = "<group>"; };
		36A1D0C32B46A9590071620E /* RepositoryInjectionKey.swift */ = {isa = PBXFileReference; lastKnownFileType = sourcecode.swift; path = RepositoryInjectionKey.swift; sourceTree = "<group>"; };
		36A1D0C52B46A9880071620E /* UseCaseInjectionKey.swift */ = {isa = PBXFileReference; lastKnownFileType = sourcecode.swift; path = UseCaseInjectionKey.swift; sourceTree = "<group>"; };
		377F47FC08CAFD998E0A8CCF /* Pods-MovieApp-MovieAppUITests.debug.xcconfig */ = {isa = PBXFileReference; includeInIndex = 1; lastKnownFileType = text.xcconfig; name = "Pods-MovieApp-MovieAppUITests.debug.xcconfig"; path = "Target Support Files/Pods-MovieApp-MovieAppUITests/Pods-MovieApp-MovieAppUITests.debug.xcconfig"; sourceTree = "<group>"; };
		44D3E40920EA637238D5A4BB /* Pods-MovieApp.release.xcconfig */ = {isa = PBXFileReference; includeInIndex = 1; lastKnownFileType = text.xcconfig; name = "Pods-MovieApp.release.xcconfig"; path = "Target Support Files/Pods-MovieApp/Pods-MovieApp.release.xcconfig"; sourceTree = "<group>"; };
		7588FFE644E97B3B39D0BA22 /* Pods-MovieApp.debug.xcconfig */ = {isa = PBXFileReference; includeInIndex = 1; lastKnownFileType = text.xcconfig; name = "Pods-MovieApp.debug.xcconfig"; path = "Target Support Files/Pods-MovieApp/Pods-MovieApp.debug.xcconfig"; sourceTree = "<group>"; };
		9FA8DC0354C698E64D05521A /* Pods_MovieApp.framework */ = {isa = PBXFileReference; explicitFileType = wrapper.framework; includeInIndex = 0; path = Pods_MovieApp.framework; sourceTree = BUILT_PRODUCTS_DIR; };
		A52C9FAD415AB870B6DCBE7D /* Pods-MovieAppTests.release.xcconfig */ = {isa = PBXFileReference; includeInIndex = 1; lastKnownFileType = text.xcconfig; name = "Pods-MovieAppTests.release.xcconfig"; path = "Target Support Files/Pods-MovieAppTests/Pods-MovieAppTests.release.xcconfig"; sourceTree = "<group>"; };
		A850E49E8332A9212B9AAC8E /* Pods-MovieAppTests.debug.xcconfig */ = {isa = PBXFileReference; includeInIndex = 1; lastKnownFileType = text.xcconfig; name = "Pods-MovieAppTests.debug.xcconfig"; path = "Target Support Files/Pods-MovieAppTests/Pods-MovieAppTests.debug.xcconfig"; sourceTree = "<group>"; };
		F70274F4D93495DD55F8A02C /* Pods_MovieAppTests.framework */ = {isa = PBXFileReference; explicitFileType = wrapper.framework; includeInIndex = 0; path = Pods_MovieAppTests.framework; sourceTree = BUILT_PRODUCTS_DIR; };
/* End PBXFileReference section */

/* Begin PBXFrameworksBuildPhase section */
		36A1D0442B4667410071620E /* Frameworks */ = {
			isa = PBXFrameworksBuildPhase;
			buildActionMask = 2147483647;
			files = (
				621EBDC85785DDFEFFE8A847 /* Pods_MovieApp.framework in Frameworks */,
			);
			runOnlyForDeploymentPostprocessing = 0;
		};
		36A1D05A2B4667420071620E /* Frameworks */ = {
			isa = PBXFrameworksBuildPhase;
			buildActionMask = 2147483647;
			files = (
				0361794C346CC4D7489EEC04 /* Pods_MovieAppTests.framework in Frameworks */,
			);
			runOnlyForDeploymentPostprocessing = 0;
		};
		36A1D0642B4667420071620E /* Frameworks */ = {
			isa = PBXFrameworksBuildPhase;
			buildActionMask = 2147483647;
			files = (
				BDB0BDC4CF21DB2E8A6A0813 /* Pods_MovieApp_MovieAppUITests.framework in Frameworks */,
			);
			runOnlyForDeploymentPostprocessing = 0;
		};
/* End PBXFrameworksBuildPhase section */

/* Begin PBXGroup section */
		36A1D03E2B4667410071620E = {
			isa = PBXGroup;
			children = (
				36A1D0492B4667410071620E /* MovieApp */,
				36A1D0602B4667420071620E /* MovieAppTests */,
				36A1D06A2B4667420071620E /* MovieAppUITests */,
				36A1D0482B4667410071620E /* Products */,
				8F28F839314D0C5BBA5BE3CC /* Pods */,
				BAE010C007613EBC4B12FF37 /* Frameworks */,
			);
			sourceTree = "<group>";
		};
		36A1D0482B4667410071620E /* Products */ = {
			isa = PBXGroup;
			children = (
				36A1D0472B4667410071620E /* MovieApp.app */,
				36A1D05D2B4667420071620E /* MovieAppTests.xctest */,
				36A1D0672B4667420071620E /* MovieAppUITests.xctest */,
			);
			name = Products;
			sourceTree = "<group>";
		};
		36A1D0492B4667410071620E /* MovieApp */ = {
			isa = PBXGroup;
			children = (
				36A1D0AC2B468AC40071620E /* Base */,
				36A1D07F2B4672430071620E /* DI */,
				36A1D07A2B4671F10071620E /* Screens */,
				36A1D07B2B4671F50071620E /* Components */,
				36A1D07D2B4671FF0071620E /* UseCases */,
				36A1D07E2B4672040071620E /* Network */,
				36A1D07C2B4671FA0071620E /* Repositories */,
				36A1D0842B46730A0071620E /* Models */,
				36A1D04A2B4667410071620E /* AppDelegate.swift */,
				36A1D04C2B4667410071620E /* SceneDelegate.swift */,
				36A1D04E2B4667410071620E /* ViewController.swift */,
				36A1D0502B4667410071620E /* Main.storyboard */,
				36A1D0532B4667420071620E /* Assets.xcassets */,
				36A1D0552B4667420071620E /* LaunchScreen.storyboard */,
				36A1D0582B4667420071620E /* Info.plist */,
			);
			path = MovieApp;
			sourceTree = "<group>";
		};
		36A1D0602B4667420071620E /* MovieAppTests */ = {
			isa = PBXGroup;
			children = (
				36A1D0612B4667420071620E /* MovieAppTests.swift */,
			);
			path = MovieAppTests;
			sourceTree = "<group>";
		};
		36A1D06A2B4667420071620E /* MovieAppUITests */ = {
			isa = PBXGroup;
			children = (
				36A1D06B2B4667420071620E /* MovieAppUITests.swift */,
				36A1D06D2B4667420071620E /* MovieAppUITestsLaunchTests.swift */,
			);
			path = MovieAppUITests;
			sourceTree = "<group>";
		};
		36A1D07A2B4671F10071620E /* Screens */ = {
			isa = PBXGroup;
			children = (
				36A1D0A72B4689320071620E /* Movie */,
			);
			path = Screens;
			sourceTree = "<group>";
		};
		36A1D07B2B4671F50071620E /* Components */ = {
			isa = PBXGroup;
			children = (
				36A1D0822B4672F10071620E /* Constants */,
				36A1D0812B4672740071620E /* Vendors */,
				36A1D0802B46726F0071620E /* Extensions */,
			);
			path = Components;
			sourceTree = "<group>";
		};
		36A1D07C2B4671FA0071620E /* Repositories */ = {
			isa = PBXGroup;
			children = (
				36A1D0BD2B46A1C80071620E /* MovieRepository.swift */,
			);
			path = Repositories;
			sourceTree = "<group>";
		};
		36A1D07D2B4671FF0071620E /* UseCases */ = {
			isa = PBXGroup;
			children = (
				36A1D0C12B46A91D0071620E /* MovieUseCase.swift */,
			);
			path = UseCases;
			sourceTree = "<group>";
		};
		36A1D07E2B4672040071620E /* Network */ = {
			isa = PBXGroup;
			children = (
				36A1D0832B4672FE0071620E /* Endpoints */,
				36A1D09D2B467FAC0071620E /* Requestable.swift */,
				36A1D08F2B46782A0071620E /* Endpoint.swift */,
				36A1D0932B4678BB0071620E /* NetworkConfig.swift */,
				36A1D0952B4678D80071620E /* NetworkService.swift */,
				36A1D0972B4678FD0071620E /* DataTransferService.swift */,
			);
			path = Network;
			sourceTree = "<group>";
		};
		36A1D07F2B4672430071620E /* DI */ = {
			isa = PBXGroup;
			children = (
				36A1D09F2B4680CE0071620E /* DI.swift */,
				36A1D0A12B4680EE0071620E /* NetworkInjectionKey.swift */,
				36A1D0C32B46A9590071620E /* RepositoryInjectionKey.swift */,
				36A1D0C52B46A9880071620E /* UseCaseInjectionKey.swift */,
			);
			path = DI;
			sourceTree = "<group>";
		};
		36A1D0802B46726F0071620E /* Extensions */ = {
			isa = PBXGroup;
			children = (
				36A1D08B2B46753D0071620E /* ExtensionUIView.swift */,
				36A1D08D2B4675A40071620E /* ExtensionUIImageView+ImageLoader.swift */,
				36A1D0992B467B210071620E /* ExtensionData.swift */,
				36A1D0BA2B469C690071620E /* ExtensionString.swift */,
				36A1D0B62B469B540071620E /* ExtensionObservableType.swift */,
			);
			path = Extensions;
			sourceTree = "<group>";
		};
		36A1D0812B4672740071620E /* Vendors */ = {
			isa = PBXGroup;
			children = (
				36A1D0872B4674B10071620E /* Then.swift */,
				36A1D0B22B4696930071620E /* ReusableViewCell.swift */,
			);
			path = Vendors;
			sourceTree = "<group>";
		};
		36A1D0822B4672F10071620E /* Constants */ = {
			isa = PBXGroup;
			children = (
				36A1D0892B4674DC0071620E /* AppConstants.swift */,
			);
			path = Constants;
			sourceTree = "<group>";
		};
		36A1D0832B4672FE0071620E /* Endpoints */ = {
			isa = PBXGroup;
			children = (
				36A1D0BF2B46A22D0071620E /* MovieEndpoint.swift */,
			);
			path = Endpoints;
			sourceTree = "<group>";
		};
		36A1D0842B46730A0071620E /* Models */ = {
			isa = PBXGroup;
			children = (
				36A1D0862B4673250071620E /* Request Models */,
				36A1D0852B46731A0071620E /* Response Models */,
				36A1D09B2B467B4B0071620E /* ResponseResult.swift */,
				36A1D0912B4678410071620E /* APIError.swift */,
				36A1D0B82B469C3F0071620E /* ScreenState.swift */,
			);
			path = Models;
			sourceTree = "<group>";
		};
		36A1D0852B46731A0071620E /* Response Models */ = {
			isa = PBXGroup;
			children = (
				36A1D0A52B4684C90071620E /* MovieModel.swift */,
			);
			path = "Response Models";
			sourceTree = "<group>";
		};
		36A1D0862B4673250071620E /* Request Models */ = {
			isa = PBXGroup;
			children = (
			);
			path = "Request Models";
			sourceTree = "<group>";
		};
		36A1D0A72B4689320071620E /* Movie */ = {
			isa = PBXGroup;
			children = (
				36A1D0B12B4696560071620E /* Subviews */,
				36A1D0A82B4689420071620E /* MovieViewController.swift */,
				36A1D0AA2B46894C0071620E /* MovieViewModel.swift */,
			);
			path = Movie;
			sourceTree = "<group>";
		};
		36A1D0AC2B468AC40071620E /* Base */ = {
			isa = PBXGroup;
			children = (
				36A1D0AD2B468AD10071620E /* BaseViewController.swift */,
				36A1D0AF2B468AE50071620E /* BaseViewModel.swift */,
			);
			path = Base;
			sourceTree = "<group>";
		};
		36A1D0B12B4696560071620E /* Subviews */ = {
			isa = PBXGroup;
			children = (
				36A1D0B42B4696B40071620E /* MovieItemCollectionViewCell.swift */,
			);
			path = Subviews;
			sourceTree = "<group>";
		};
		8F28F839314D0C5BBA5BE3CC /* Pods */ = {
			isa = PBXGroup;
			children = (
				7588FFE644E97B3B39D0BA22 /* Pods-MovieApp.debug.xcconfig */,
				44D3E40920EA637238D5A4BB /* Pods-MovieApp.release.xcconfig */,
				377F47FC08CAFD998E0A8CCF /* Pods-MovieApp-MovieAppUITests.debug.xcconfig */,
				0BE19285A4BD50139C4F0796 /* Pods-MovieApp-MovieAppUITests.release.xcconfig */,
				A850E49E8332A9212B9AAC8E /* Pods-MovieAppTests.debug.xcconfig */,
				A52C9FAD415AB870B6DCBE7D /* Pods-MovieAppTests.release.xcconfig */,
			);
			path = Pods;
			sourceTree = "<group>";
		};
		BAE010C007613EBC4B12FF37 /* Frameworks */ = {
			isa = PBXGroup;
			children = (
				9FA8DC0354C698E64D05521A /* Pods_MovieApp.framework */,
				3403B7BF9F111EE8A6D3A66B /* Pods_MovieApp_MovieAppUITests.framework */,
				F70274F4D93495DD55F8A02C /* Pods_MovieAppTests.framework */,
			);
			name = Frameworks;
			sourceTree = "<group>";
		};
/* End PBXGroup section */

/* Begin PBXNativeTarget section */
		36A1D0462B4667410071620E /* MovieApp */ = {
			isa = PBXNativeTarget;
			buildConfigurationList = 36A1D0712B4667420071620E /* Build configuration list for PBXNativeTarget "MovieApp" */;
			buildPhases = (
				E5552BFF0FDE8D99F98DA873 /* [CP] Check Pods Manifest.lock */,
				36A1D0432B4667410071620E /* Sources */,
				36A1D0442B4667410071620E /* Frameworks */,
				36A1D0452B4667410071620E /* Resources */,
				A534C1DA56463D7EFA2FDCD2 /* [CP] Embed Pods Frameworks */,
			);
			buildRules = (
			);
			dependencies = (
			);
			name = MovieApp;
			productName = MovieApp;
			productReference = 36A1D0472B4667410071620E /* MovieApp.app */;
			productType = "com.apple.product-type.application";
		};
		36A1D05C2B4667420071620E /* MovieAppTests */ = {
			isa = PBXNativeTarget;
			buildConfigurationList = 36A1D0742B4667420071620E /* Build configuration list for PBXNativeTarget "MovieAppTests" */;
			buildPhases = (
				B1FE2AD67E4A401A8073B103 /* [CP] Check Pods Manifest.lock */,
				36A1D0592B4667420071620E /* Sources */,
				36A1D05A2B4667420071620E /* Frameworks */,
				36A1D05B2B4667420071620E /* Resources */,
			);
			buildRules = (
			);
			dependencies = (
				36A1D05F2B4667420071620E /* PBXTargetDependency */,
			);
			name = MovieAppTests;
			productName = MovieAppTests;
			productReference = 36A1D05D2B4667420071620E /* MovieAppTests.xctest */;
			productType = "com.apple.product-type.bundle.unit-test";
		};
		36A1D0662B4667420071620E /* MovieAppUITests */ = {
			isa = PBXNativeTarget;
			buildConfigurationList = 36A1D0772B4667420071620E /* Build configuration list for PBXNativeTarget "MovieAppUITests" */;
			buildPhases = (
				EFEE30CF767A9D1BE3560460 /* [CP] Check Pods Manifest.lock */,
				36A1D0632B4667420071620E /* Sources */,
				36A1D0642B4667420071620E /* Frameworks */,
				36A1D0652B4667420071620E /* Resources */,
				D763EB6304A4729CA0BE45A9 /* [CP] Embed Pods Frameworks */,
			);
			buildRules = (
			);
			dependencies = (
				36A1D0692B4667420071620E /* PBXTargetDependency */,
			);
			name = MovieAppUITests;
			productName = MovieAppUITests;
			productReference = 36A1D0672B4667420071620E /* MovieAppUITests.xctest */;
			productType = "com.apple.product-type.bundle.ui-testing";
		};
/* End PBXNativeTarget section */

/* Begin PBXProject section */
		36A1D03F2B4667410071620E /* Project object */ = {
			isa = PBXProject;
			attributes = {
				BuildIndependentTargetsInParallel = 1;
				LastSwiftUpdateCheck = 1500;
				LastUpgradeCheck = 1500;
				TargetAttributes = {
					36A1D0462B4667410071620E = {
						CreatedOnToolsVersion = 15.0.1;
					};
					36A1D05C2B4667420071620E = {
						CreatedOnToolsVersion = 15.0.1;
						TestTargetID = 36A1D0462B4667410071620E;
					};
					36A1D0662B4667420071620E = {
						CreatedOnToolsVersion = 15.0.1;
						TestTargetID = 36A1D0462B4667410071620E;
					};
				};
			};
			buildConfigurationList = 36A1D0422B4667410071620E /* Build configuration list for PBXProject "MovieApp" */;
			compatibilityVersion = "Xcode 14.0";
			developmentRegion = en;
			hasScannedForEncodings = 0;
			knownRegions = (
				en,
				Base,
			);
			mainGroup = 36A1D03E2B4667410071620E;
			productRefGroup = 36A1D0482B4667410071620E /* Products */;
			projectDirPath = "";
			projectRoot = "";
			targets = (
				36A1D0462B4667410071620E /* MovieApp */,
				36A1D05C2B4667420071620E /* MovieAppTests */,
				36A1D0662B4667420071620E /* MovieAppUITests */,
			);
		};
/* End PBXProject section */

/* Begin PBXResourcesBuildPhase section */
		36A1D0452B4667410071620E /* Resources */ = {
			isa = PBXResourcesBuildPhase;
			buildActionMask = 2147483647;
			files = (
				36A1D0572B4667420071620E /* LaunchScreen.storyboard in Resources */,
				36A1D0542B4667420071620E /* Assets.xcassets in Resources */,
				36A1D0522B4667410071620E /* Main.storyboard in Resources */,
			);
			runOnlyForDeploymentPostprocessing = 0;
		};
		36A1D05B2B4667420071620E /* Resources */ = {
			isa = PBXResourcesBuildPhase;
			buildActionMask = 2147483647;
			files = (
			);
			runOnlyForDeploymentPostprocessing = 0;
		};
		36A1D0652B4667420071620E /* Resources */ = {
			isa = PBXResourcesBuildPhase;
			buildActionMask = 2147483647;
			files = (
			);
			runOnlyForDeploymentPostprocessing = 0;
		};
/* End PBXResourcesBuildPhase section */

/* Begin PBXShellScriptBuildPhase section */
		A534C1DA56463D7EFA2FDCD2 /* [CP] Embed Pods Frameworks */ = {
			isa = PBXShellScriptBuildPhase;
			buildActionMask = 2147483647;
			files = (
			);
			inputFileListPaths = (
				"${PODS_ROOT}/Target Support Files/Pods-MovieApp/Pods-MovieApp-frameworks-${CONFIGURATION}-input-files.xcfilelist",
			);
			name = "[CP] Embed Pods Frameworks";
			outputFileListPaths = (
				"${PODS_ROOT}/Target Support Files/Pods-MovieApp/Pods-MovieApp-frameworks-${CONFIGURATION}-output-files.xcfilelist",
			);
			runOnlyForDeploymentPostprocessing = 0;
			shellPath = /bin/sh;
			shellScript = "\"${PODS_ROOT}/Target Support Files/Pods-MovieApp/Pods-MovieApp-frameworks.sh\"\n";
			showEnvVarsInLog = 0;
		};
		B1FE2AD67E4A401A8073B103 /* [CP] Check Pods Manifest.lock */ = {
			isa = PBXShellScriptBuildPhase;
			buildActionMask = 2147483647;
			files = (
			);
			inputFileListPaths = (
			);
			inputPaths = (
				"${PODS_PODFILE_DIR_PATH}/Podfile.lock",
				"${PODS_ROOT}/Manifest.lock",
			);
			name = "[CP] Check Pods Manifest.lock";
			outputFileListPaths = (
			);
			outputPaths = (
				"$(DERIVED_FILE_DIR)/Pods-MovieAppTests-checkManifestLockResult.txt",
			);
			runOnlyForDeploymentPostprocessing = 0;
			shellPath = /bin/sh;
			shellScript = "diff \"${PODS_PODFILE_DIR_PATH}/Podfile.lock\" \"${PODS_ROOT}/Manifest.lock\" > /dev/null\nif [ $? != 0 ] ; then\n    # print error to STDERR\n    echo \"error: The sandbox is not in sync with the Podfile.lock. Run 'pod install' or update your CocoaPods installation.\" >&2\n    exit 1\nfi\n# This output is used by Xcode 'outputs' to avoid re-running this script phase.\necho \"SUCCESS\" > \"${SCRIPT_OUTPUT_FILE_0}\"\n";
			showEnvVarsInLog = 0;
		};
		D763EB6304A4729CA0BE45A9 /* [CP] Embed Pods Frameworks */ = {
			isa = PBXShellScriptBuildPhase;
			buildActionMask = 2147483647;
			files = (
			);
			inputFileListPaths = (
				"${PODS_ROOT}/Target Support Files/Pods-MovieApp-MovieAppUITests/Pods-MovieApp-MovieAppUITests-frameworks-${CONFIGURATION}-input-files.xcfilelist",
			);
			name = "[CP] Embed Pods Frameworks";
			outputFileListPaths = (
				"${PODS_ROOT}/Target Support Files/Pods-MovieApp-MovieAppUITests/Pods-MovieApp-MovieAppUITests-frameworks-${CONFIGURATION}-output-files.xcfilelist",
			);
			runOnlyForDeploymentPostprocessing = 0;
			shellPath = /bin/sh;
			shellScript = "\"${PODS_ROOT}/Target Support Files/Pods-MovieApp-MovieAppUITests/Pods-MovieApp-MovieAppUITests-frameworks.sh\"\n";
			showEnvVarsInLog = 0;
		};
		E5552BFF0FDE8D99F98DA873 /* [CP] Check Pods Manifest.lock */ = {
			isa = PBXShellScriptBuildPhase;
			buildActionMask = 2147483647;
			files = (
			);
			inputFileListPaths = (
			);
			inputPaths = (
				"${PODS_PODFILE_DIR_PATH}/Podfile.lock",
				"${PODS_ROOT}/Manifest.lock",
			);
			name = "[CP] Check Pods Manifest.lock";
			outputFileListPaths = (
			);
			outputPaths = (
				"$(DERIVED_FILE_DIR)/Pods-MovieApp-checkManifestLockResult.txt",
			);
			runOnlyForDeploymentPostprocessing = 0;
			shellPath = /bin/sh;
			shellScript = "diff \"${PODS_PODFILE_DIR_PATH}/Podfile.lock\" \"${PODS_ROOT}/Manifest.lock\" > /dev/null\nif [ $? != 0 ] ; then\n    # print error to STDERR\n    echo \"error: The sandbox is not in sync with the Podfile.lock. Run 'pod install' or update your CocoaPods installation.\" >&2\n    exit 1\nfi\n# This output is used by Xcode 'outputs' to avoid re-running this script phase.\necho \"SUCCESS\" > \"${SCRIPT_OUTPUT_FILE_0}\"\n";
			showEnvVarsInLog = 0;
		};
		EFEE30CF767A9D1BE3560460 /* [CP] Check Pods Manifest.lock */ = {
			isa = PBXShellScriptBuildPhase;
			buildActionMask = 2147483647;
			files = (
			);
			inputFileListPaths = (
			);
			inputPaths = (
				"${PODS_PODFILE_DIR_PATH}/Podfile.lock",
				"${PODS_ROOT}/Manifest.lock",
			);
			name = "[CP] Check Pods Manifest.lock";
			outputFileListPaths = (
			);
			outputPaths = (
				"$(DERIVED_FILE_DIR)/Pods-MovieApp-MovieAppUITests-checkManifestLockResult.txt",
			);
			runOnlyForDeploymentPostprocessing = 0;
			shellPath = /bin/sh;
			shellScript = "diff \"${PODS_PODFILE_DIR_PATH}/Podfile.lock\" \"${PODS_ROOT}/Manifest.lock\" > /dev/null\nif [ $? != 0 ] ; then\n    # print error to STDERR\n    echo \"error: The sandbox is not in sync with the Podfile.lock. Run 'pod install' or update your CocoaPods installation.\" >&2\n    exit 1\nfi\n# This output is used by Xcode 'outputs' to avoid re-running this script phase.\necho \"SUCCESS\" > \"${SCRIPT_OUTPUT_FILE_0}\"\n";
			showEnvVarsInLog = 0;
		};
/* End PBXShellScriptBuildPhase section */

/* Begin PBXSourcesBuildPhase section */
		36A1D0432B4667410071620E /* Sources */ = {
			isa = PBXSourcesBuildPhase;
			buildActionMask = 2147483647;
			files = (
				36A1D0A02B4680CE0071620E /* DI.swift in Sources */,
				36A1D09E2B467FAC0071620E /* Requestable.swift in Sources */,
				36A1D0982B4678FD0071620E /* DataTransferService.swift in Sources */,
				36A1D0B72B469B540071620E /* ExtensionObservableType.swift in Sources */,
				36A1D0BE2B46A1C80071620E /* MovieRepository.swift in Sources */,
				36A1D0962B4678D80071620E /* NetworkService.swift in Sources */,
				36A1D0B92B469C3F0071620E /* ScreenState.swift in Sources */,
				36A1D08C2B46753D0071620E /* ExtensionUIView.swift in Sources */,
				36A1D0882B4674B10071620E /* Then.swift in Sources */,
				36A1D0C62B46A9880071620E /* UseCaseInjectionKey.swift in Sources */,
				36A1D0B32B4696930071620E /* ReusableViewCell.swift in Sources */,
				36A1D0902B46782A0071620E /* Endpoint.swift in Sources */,
				36A1D0A62B4684C90071620E /* MovieModel.swift in Sources */,
				36A1D09C2B467B4B0071620E /* ResponseResult.swift in Sources */,
				36A1D04F2B4667410071620E /* ViewController.swift in Sources */,
				36A1D04B2B4667410071620E /* AppDelegate.swift in Sources */,
				36A1D04D2B4667410071620E /* SceneDelegate.swift in Sources */,
				36A1D0C22B46A91D0071620E /* MovieUseCase.swift in Sources */,
				36A1D0AE2B468AD10071620E /* BaseViewController.swift in Sources */,
				36A1D0B02B468AE50071620E /* BaseViewModel.swift in Sources */,
				36A1D0C02B46A22D0071620E /* MovieEndpoint.swift in Sources */,
				36A1D09A2B467B210071620E /* ExtensionData.swift in Sources */,
				36A1D0942B4678BB0071620E /* NetworkConfig.swift in Sources */,
				36A1D0A92B4689420071620E /* MovieViewController.swift in Sources */,
				36A1D0C42B46A9590071620E /* RepositoryInjectionKey.swift in Sources */,
				36A1D0AB2B46894C0071620E /* MovieViewModel.swift in Sources */,
				36A1D08E2B4675A40071620E /* ExtensionUIImageView+ImageLoader.swift in Sources */,
				36A1D0B52B4696B40071620E /* MovieItemCollectionViewCell.swift in Sources */,
				36A1D0BB2B469C690071620E /* ExtensionString.swift in Sources */,
				36A1D0A22B4680EE0071620E /* NetworkInjectionKey.swift in Sources */,
				36A1D08A2B4674DC0071620E /* AppConstants.swift in Sources */,
				36A1D0922B4678410071620E /* APIError.swift in Sources */,
			);
			runOnlyForDeploymentPostprocessing = 0;
		};
		36A1D0592B4667420071620E /* Sources */ = {
			isa = PBXSourcesBuildPhase;
			buildActionMask = 2147483647;
			files = (
				36A1D0622B4667420071620E /* MovieAppTests.swift in Sources */,
			);
			runOnlyForDeploymentPostprocessing = 0;
		};
		36A1D0632B4667420071620E /* Sources */ = {
			isa = PBXSourcesBuildPhase;
			buildActionMask = 2147483647;
			files = (
				36A1D06E2B4667420071620E /* MovieAppUITestsLaunchTests.swift in Sources */,
				36A1D06C2B4667420071620E /* MovieAppUITests.swift in Sources */,
			);
			runOnlyForDeploymentPostprocessing = 0;
		};
/* End PBXSourcesBuildPhase section */

/* Begin PBXTargetDependency section */
		36A1D05F2B4667420071620E /* PBXTargetDependency */ = {
			isa = PBXTargetDependency;
			target = 36A1D0462B4667410071620E /* MovieApp */;
			targetProxy = 36A1D05E2B4667420071620E /* PBXContainerItemProxy */;
		};
		36A1D0692B4667420071620E /* PBXTargetDependency */ = {
			isa = PBXTargetDependency;
			target = 36A1D0462B4667410071620E /* MovieApp */;
			targetProxy = 36A1D0682B4667420071620E /* PBXContainerItemProxy */;
		};
/* End PBXTargetDependency section */

/* Begin PBXVariantGroup section */
		36A1D0502B4667410071620E /* Main.storyboard */ = {
			isa = PBXVariantGroup;
			children = (
				36A1D0512B4667410071620E /* Base */,
			);
			name = Main.storyboard;
			sourceTree = "<group>";
		};
		36A1D0552B4667420071620E /* LaunchScreen.storyboard */ = {
			isa = PBXVariantGroup;
			children = (
				36A1D0562B4667420071620E /* Base */,
			);
			name = LaunchScreen.storyboard;
			sourceTree = "<group>";
		};
/* End PBXVariantGroup section */

/* Begin XCBuildConfiguration section */
		36A1D06F2B4667420071620E /* Debug */ = {
			isa = XCBuildConfiguration;
			buildSettings = {
				ALWAYS_SEARCH_USER_PATHS = NO;
				ASSETCATALOG_COMPILER_GENERATE_SWIFT_ASSET_SYMBOL_EXTENSIONS = YES;
				CLANG_ANALYZER_NONNULL = YES;
				CLANG_ANALYZER_NUMBER_OBJECT_CONVERSION = YES_AGGRESSIVE;
				CLANG_CXX_LANGUAGE_STANDARD = "gnu++20";
				CLANG_ENABLE_MODULES = YES;
				CLANG_ENABLE_OBJC_ARC = YES;
				CLANG_ENABLE_OBJC_WEAK = YES;
				CLANG_WARN_BLOCK_CAPTURE_AUTORELEASING = YES;
				CLANG_WARN_BOOL_CONVERSION = YES;
				CLANG_WARN_COMMA = YES;
				CLANG_WARN_CONSTANT_CONVERSION = YES;
				CLANG_WARN_DEPRECATED_OBJC_IMPLEMENTATIONS = YES;
				CLANG_WARN_DIRECT_OBJC_ISA_USAGE = YES_ERROR;
				CLANG_WARN_DOCUMENTATION_COMMENTS = YES;
				CLANG_WARN_EMPTY_BODY = YES;
				CLANG_WARN_ENUM_CONVERSION = YES;
				CLANG_WARN_INFINITE_RECURSION = YES;
				CLANG_WARN_INT_CONVERSION = YES;
				CLANG_WARN_NON_LITERAL_NULL_CONVERSION = YES;
				CLANG_WARN_OBJC_IMPLICIT_RETAIN_SELF = YES;
				CLANG_WARN_OBJC_LITERAL_CONVERSION = YES;
				CLANG_WARN_OBJC_ROOT_CLASS = YES_ERROR;
				CLANG_WARN_QUOTED_INCLUDE_IN_FRAMEWORK_HEADER = YES;
				CLANG_WARN_RANGE_LOOP_ANALYSIS = YES;
				CLANG_WARN_STRICT_PROTOTYPES = YES;
				CLANG_WARN_SUSPICIOUS_MOVE = YES;
				CLANG_WARN_UNGUARDED_AVAILABILITY = YES_AGGRESSIVE;
				CLANG_WARN_UNREACHABLE_CODE = YES;
				CLANG_WARN__DUPLICATE_METHOD_MATCH = YES;
				COPY_PHASE_STRIP = NO;
				DEBUG_INFORMATION_FORMAT = dwarf;
				ENABLE_STRICT_OBJC_MSGSEND = YES;
				ENABLE_TESTABILITY = YES;
				ENABLE_USER_SCRIPT_SANDBOXING = YES;
				GCC_C_LANGUAGE_STANDARD = gnu17;
				GCC_DYNAMIC_NO_PIC = NO;
				GCC_NO_COMMON_BLOCKS = YES;
				GCC_OPTIMIZATION_LEVEL = 0;
				GCC_PREPROCESSOR_DEFINITIONS = (
					"DEBUG=1",
					"$(inherited)",
				);
				GCC_WARN_64_TO_32_BIT_CONVERSION = YES;
				GCC_WARN_ABOUT_RETURN_TYPE = YES_ERROR;
				GCC_WARN_UNDECLARED_SELECTOR = YES;
				GCC_WARN_UNINITIALIZED_AUTOS = YES_AGGRESSIVE;
				GCC_WARN_UNUSED_FUNCTION = YES;
				GCC_WARN_UNUSED_VARIABLE = YES;
				IPHONEOS_DEPLOYMENT_TARGET = 15.0;
				LOCALIZATION_PREFERS_STRING_CATALOGS = YES;
				MTL_ENABLE_DEBUG_INFO = INCLUDE_SOURCE;
				MTL_FAST_MATH = YES;
				ONLY_ACTIVE_ARCH = YES;
				SDKROOT = iphoneos;
				SWIFT_ACTIVE_COMPILATION_CONDITIONS = "DEBUG $(inherited)";
				SWIFT_OPTIMIZATION_LEVEL = "-Onone";
			};
			name = Debug;
		};
		36A1D0702B4667420071620E /* Release */ = {
			isa = XCBuildConfiguration;
			buildSettings = {
				ALWAYS_SEARCH_USER_PATHS = NO;
				ASSETCATALOG_COMPILER_GENERATE_SWIFT_ASSET_SYMBOL_EXTENSIONS = YES;
				CLANG_ANALYZER_NONNULL = YES;
				CLANG_ANALYZER_NUMBER_OBJECT_CONVERSION = YES_AGGRESSIVE;
				CLANG_CXX_LANGUAGE_STANDARD = "gnu++20";
				CLANG_ENABLE_MODULES = YES;
				CLANG_ENABLE_OBJC_ARC = YES;
				CLANG_ENABLE_OBJC_WEAK = YES;
				CLANG_WARN_BLOCK_CAPTURE_AUTORELEASING = YES;
				CLANG_WARN_BOOL_CONVERSION = YES;
				CLANG_WARN_COMMA = YES;
				CLANG_WARN_CONSTANT_CONVERSION = YES;
				CLANG_WARN_DEPRECATED_OBJC_IMPLEMENTATIONS = YES;
				CLANG_WARN_DIRECT_OBJC_ISA_USAGE = YES_ERROR;
				CLANG_WARN_DOCUMENTATION_COMMENTS = YES;
				CLANG_WARN_EMPTY_BODY = YES;
				CLANG_WARN_ENUM_CONVERSION = YES;
				CLANG_WARN_INFINITE_RECURSION = YES;
				CLANG_WARN_INT_CONVERSION = YES;
				CLANG_WARN_NON_LITERAL_NULL_CONVERSION = YES;
				CLANG_WARN_OBJC_IMPLICIT_RETAIN_SELF = YES;
				CLANG_WARN_OBJC_LITERAL_CONVERSION = YES;
				CLANG_WARN_OBJC_ROOT_CLASS = YES_ERROR;
				CLANG_WARN_QUOTED_INCLUDE_IN_FRAMEWORK_HEADER = YES;
				CLANG_WARN_RANGE_LOOP_ANALYSIS = YES;
				CLANG_WARN_STRICT_PROTOTYPES = YES;
				CLANG_WARN_SUSPICIOUS_MOVE = YES;
				CLANG_WARN_UNGUARDED_AVAILABILITY = YES_AGGRESSIVE;
				CLANG_WARN_UNREACHABLE_CODE = YES;
				CLANG_WARN__DUPLICATE_METHOD_MATCH = YES;
				COPY_PHASE_STRIP = NO;
				DEBUG_INFORMATION_FORMAT = "dwarf-with-dsym";
				ENABLE_NS_ASSERTIONS = NO;
				ENABLE_STRICT_OBJC_MSGSEND = YES;
				ENABLE_USER_SCRIPT_SANDBOXING = YES;
				GCC_C_LANGUAGE_STANDARD = gnu17;
				GCC_NO_COMMON_BLOCKS = YES;
				GCC_WARN_64_TO_32_BIT_CONVERSION = YES;
				GCC_WARN_ABOUT_RETURN_TYPE = YES_ERROR;
				GCC_WARN_UNDECLARED_SELECTOR = YES;
				GCC_WARN_UNINITIALIZED_AUTOS = YES_AGGRESSIVE;
				GCC_WARN_UNUSED_FUNCTION = YES;
				GCC_WARN_UNUSED_VARIABLE = YES;
				IPHONEOS_DEPLOYMENT_TARGET = 15.0;
				LOCALIZATION_PREFERS_STRING_CATALOGS = YES;
				MTL_ENABLE_DEBUG_INFO = NO;
				MTL_FAST_MATH = YES;
				SDKROOT = iphoneos;
				SWIFT_COMPILATION_MODE = wholemodule;
				VALIDATE_PRODUCT = YES;
			};
			name = Release;
		};
		36A1D0722B4667420071620E /* Debug */ = {
			isa = XCBuildConfiguration;
			baseConfigurationReference = 7588FFE644E97B3B39D0BA22 /* Pods-MovieApp.debug.xcconfig */;
			buildSettings = {
				ASSETCATALOG_COMPILER_APPICON_NAME = AppIcon;
				ASSETCATALOG_COMPILER_GLOBAL_ACCENT_COLOR_NAME = AccentColor;
				CODE_SIGN_STYLE = Automatic;
				CURRENT_PROJECT_VERSION = 1;
				ENABLE_USER_SCRIPT_SANDBOXING = NO;
				GENERATE_INFOPLIST_FILE = YES;
				INFOPLIST_FILE = MovieApp/Info.plist;
				INFOPLIST_KEY_UIApplicationSupportsIndirectInputEvents = YES;
				INFOPLIST_KEY_UILaunchStoryboardName = LaunchScreen;
				INFOPLIST_KEY_UIMainStoryboardFile = Main;
				INFOPLIST_KEY_UISupportedInterfaceOrientations = UIInterfaceOrientationPortrait;
				INFOPLIST_KEY_UISupportedInterfaceOrientations_iPad = "UIInterfaceOrientationLandscapeLeft UIInterfaceOrientationLandscapeRight UIInterfaceOrientationPortrait UIInterfaceOrientationPortraitUpsideDown";
				IPHONEOS_DEPLOYMENT_TARGET = 15.0;
				LD_RUNPATH_SEARCH_PATHS = (
					"$(inherited)",
					"@executable_path/Frameworks",
				);
				MARKETING_VERSION = 1.0;
				PRODUCT_BUNDLE_IDENTIFIER = com.movie.MovieApp;
				PRODUCT_NAME = "$(TARGET_NAME)";
				SWIFT_EMIT_LOC_STRINGS = YES;
				SWIFT_VERSION = 5.0;
				TARGETED_DEVICE_FAMILY = "1,2";
			};
			name = Debug;
		};
		36A1D0732B4667420071620E /* Release */ = {
			isa = XCBuildConfiguration;
			baseConfigurationReference = 44D3E40920EA637238D5A4BB /* Pods-MovieApp.release.xcconfig */;
			buildSettings = {
				ASSETCATALOG_COMPILER_APPICON_NAME = AppIcon;
				ASSETCATALOG_COMPILER_GLOBAL_ACCENT_COLOR_NAME = AccentColor;
				CODE_SIGN_STYLE = Automatic;
				CURRENT_PROJECT_VERSION = 1;
				ENABLE_USER_SCRIPT_SANDBOXING = NO;
				GENERATE_INFOPLIST_FILE = YES;
				INFOPLIST_FILE = MovieApp/Info.plist;
				INFOPLIST_KEY_UIApplicationSupportsIndirectInputEvents = YES;
				INFOPLIST_KEY_UILaunchStoryboardName = LaunchScreen;
				INFOPLIST_KEY_UIMainStoryboardFile = Main;
				INFOPLIST_KEY_UISupportedInterfaceOrientations = UIInterfaceOrientationPortrait;
				INFOPLIST_KEY_UISupportedInterfaceOrientations_iPad = "UIInterfaceOrientationLandscapeLeft UIInterfaceOrientationLandscapeRight UIInterfaceOrientationPortrait UIInterfaceOrientationPortraitUpsideDown";
				IPHONEOS_DEPLOYMENT_TARGET = 15.0;
				LD_RUNPATH_SEARCH_PATHS = (
					"$(inherited)",
					"@executable_path/Frameworks",
				);
				MARKETING_VERSION = 1.0;
				PRODUCT_BUNDLE_IDENTIFIER = com.movie.MovieApp;
				PRODUCT_NAME = "$(TARGET_NAME)";
				SWIFT_EMIT_LOC_STRINGS = YES;
				SWIFT_VERSION = 5.0;
				TARGETED_DEVICE_FAMILY = "1,2";
			};
			name = Release;
		};
		36A1D0752B4667420071620E /* Debug */ = {
			isa = XCBuildConfiguration;
			baseConfigurationReference = A850E49E8332A9212B9AAC8E /* Pods-MovieAppTests.debug.xcconfig */;
			buildSettings = {
				ALWAYS_EMBED_SWIFT_STANDARD_LIBRARIES = YES;
				BUNDLE_LOADER = "$(TEST_HOST)";
				CODE_SIGN_STYLE = Automatic;
				CURRENT_PROJECT_VERSION = 1;
				GENERATE_INFOPLIST_FILE = YES;
				IPHONEOS_DEPLOYMENT_TARGET = 17.0;
				MARKETING_VERSION = 1.0;
				PRODUCT_BUNDLE_IDENTIFIER = com.movie.MovieAppTests;
				PRODUCT_NAME = "$(TARGET_NAME)";
				SWIFT_EMIT_LOC_STRINGS = NO;
				SWIFT_VERSION = 5.0;
				TARGETED_DEVICE_FAMILY = "1,2";
				TEST_HOST = "$(BUILT_PRODUCTS_DIR)/MovieApp.app/$(BUNDLE_EXECUTABLE_FOLDER_PATH)/MovieApp";
			};
			name = Debug;
		};
		36A1D0762B4667420071620E /* Release */ = {
			isa = XCBuildConfiguration;
			baseConfigurationReference = A52C9FAD415AB870B6DCBE7D /* Pods-MovieAppTests.release.xcconfig */;
			buildSettings = {
				ALWAYS_EMBED_SWIFT_STANDARD_LIBRARIES = YES;
				BUNDLE_LOADER = "$(TEST_HOST)";
				CODE_SIGN_STYLE = Automatic;
				CURRENT_PROJECT_VERSION = 1;
				GENERATE_INFOPLIST_FILE = YES;
				IPHONEOS_DEPLOYMENT_TARGET = 17.0;
				MARKETING_VERSION = 1.0;
				PRODUCT_BUNDLE_IDENTIFIER = com.movie.MovieAppTests;
				PRODUCT_NAME = "$(TARGET_NAME)";
				SWIFT_EMIT_LOC_STRINGS = NO;
				SWIFT_VERSION = 5.0;
				TARGETED_DEVICE_FAMILY = "1,2";
				TEST_HOST = "$(BUILT_PRODUCTS_DIR)/MovieApp.app/$(BUNDLE_EXECUTABLE_FOLDER_PATH)/MovieApp";
			};
			name = Release;
		};
		36A1D0782B4667420071620E /* Debug */ = {
			isa = XCBuildConfiguration;
			baseConfigurationReference = 377F47FC08CAFD998E0A8CCF /* Pods-MovieApp-MovieAppUITests.debug.xcconfig */;
			buildSettings = {
				ALWAYS_EMBED_SWIFT_STANDARD_LIBRARIES = YES;
				CODE_SIGN_STYLE = Automatic;
				CURRENT_PROJECT_VERSION = 1;
				GENERATE_INFOPLIST_FILE = YES;
				MARKETING_VERSION = 1.0;
				PRODUCT_BUNDLE_IDENTIFIER = com.movie.MovieAppUITests;
				PRODUCT_NAME = "$(TARGET_NAME)";
				SWIFT_EMIT_LOC_STRINGS = NO;
				SWIFT_VERSION = 5.0;
				TARGETED_DEVICE_FAMILY = "1,2";
				TEST_TARGET_NAME = MovieApp;
			};
			name = Debug;
		};
		36A1D0792B4667420071620E /* Release */ = {
			isa = XCBuildConfiguration;
			baseConfigurationReference = 0BE19285A4BD50139C4F0796 /* Pods-MovieApp-MovieAppUITests.release.xcconfig */;
			buildSettings = {
				ALWAYS_EMBED_SWIFT_STANDARD_LIBRARIES = YES;
				CODE_SIGN_STYLE = Automatic;
				CURRENT_PROJECT_VERSION = 1;
				GENERATE_INFOPLIST_FILE = YES;
				MARKETING_VERSION = 1.0;
				PRODUCT_BUNDLE_IDENTIFIER = com.movie.MovieAppUITests;
				PRODUCT_NAME = "$(TARGET_NAME)";
				SWIFT_EMIT_LOC_STRINGS = NO;
				SWIFT_VERSION = 5.0;
				TARGETED_DEVICE_FAMILY = "1,2";
				TEST_TARGET_NAME = MovieApp;
			};
			name = Release;
		};
/* End XCBuildConfiguration section */

/* Begin XCConfigurationList section */
		36A1D0422B4667410071620E /* Build configuration list for PBXProject "MovieApp" */ = {
			isa = XCConfigurationList;
			buildConfigurations = (
				36A1D06F2B4667420071620E /* Debug */,
				36A1D0702B4667420071620E /* Release */,
			);
			defaultConfigurationIsVisible = 0;
			defaultConfigurationName = Release;
		};
		36A1D0712B4667420071620E /* Build configuration list for PBXNativeTarget "MovieApp" */ = {
			isa = XCConfigurationList;
			buildConfigurations = (
				36A1D0722B4667420071620E /* Debug */,
				36A1D0732B4667420071620E /* Release */,
			);
			defaultConfigurationIsVisible = 0;
			defaultConfigurationName = Release;
		};
		36A1D0742B4667420071620E /* Build configuration list for PBXNativeTarget "MovieAppTests" */ = {
			isa = XCConfigurationList;
			buildConfigurations = (
				36A1D0752B4667420071620E /* Debug */,
				36A1D0762B4667420071620E /* Release */,
			);
			defaultConfigurationIsVisible = 0;
			defaultConfigurationName = Release;
		};
		36A1D0772B4667420071620E /* Build configuration list for PBXNativeTarget "MovieAppUITests" */ = {
			isa = XCConfigurationList;
			buildConfigurations = (
				36A1D0782B4667420071620E /* Debug */,
				36A1D0792B4667420071620E /* Release */,
			);
			defaultConfigurationIsVisible = 0;
			defaultConfigurationName = Release;
		};
/* End XCConfigurationList section */
	};
	rootObject = 36A1D03F2B4667410071620E /* Project object */;
}
